
Microsoft Visual Studio Solution File, Format Version 12.00
# Visual Studio Version 17
VisualStudioVersion = 17.14.36203.30 d17.14
MinimumVisualStudioVersion = 10.0.40219.1
Project("{FAE04EC0-301F-11D3-BF4B-00C04F79EFBC}") = "UsuariosService", "UsuariosService\UsuariosService.csproj", "{0219B799-27EA-4462-AEE7-B7EF8FC95E6E}"
EndProject
Global
	GlobalSection(SolutionConfigurationPlatforms) = preSolution
		Debug|Any CPU = Debug|Any CPU
		Release|Any CPU = Release|Any CPU
	EndGlobalSection
	GlobalSection(ProjectConfigurationPlatforms) = postSolution
		{0219B799-27EA-4462-AEE7-B7EF8FC95E6E}.Debug|Any CPU.ActiveCfg = Debug|Any CPU
		{0219B799-27EA-4462-AEE7-B7EF8FC95E6E}.Debug|Any CPU.Build.0 = Debug|Any CPU
		{0219B799-27EA-4462-AEE7-B7EF8FC95E6E}.Release|Any CPU.ActiveCfg = Release|Any CPU
		{0219B799-27EA-4462-AEE7-B7EF8FC95E6E}.Release|Any CPU.Build.0 = Release|Any CPU
	EndGlobalSection
	GlobalSection(SolutionProperties) = preSolution
		HideSolutionNode = FALSE
	EndGlobalSection
	GlobalSection(ExtensibilityGlobals) = postSolution
		SolutionGuid = {ED195D29-462C-4DD9-BBED-ECE57867F7AC}
	EndGlobalSection
EndGlobal
